
Microsoft Visual Studio Solution File, Format Version 12.00
# Visual Studio 14
VisualStudioVersion = 14.0.25420.1
MinimumVisualStudioVersion = 10.0.40219.1
Project("{FAE04EC0-301F-11D3-BF4B-00C04F79EFBC}") = "FileReaderWriter", "FileReaderWriter\FileReaderWriter.csproj", "{B5573246-72C2-41A8-BE53-5CEE8070330F}"
EndProject
Project("{FAE04EC0-301F-11D3-BF4B-00C04F79EFBC}") = "DrawSquareTriangle", "DrawSquareTriangle\DrawSquareTriangle.csproj", "{9127167F-1E49-4E0C-9011-0CE39CE6010F}"
EndProject
Project("{FAE04EC0-301F-11D3-BF4B-00C04F79EFBC}") = "IoCApp", "IoCApp\IoCApp.csproj", "{C151A573-D2E3-4C84-9FB9-4DDCD40DB2D1}"
EndProject
Global
	GlobalSection(SolutionConfigurationPlatforms) = preSolution
		Debug|Any CPU = Debug|Any CPU
		Release|Any CPU = Release|Any CPU
	EndGlobalSection
	GlobalSection(ProjectConfigurationPlatforms) = postSolution
		{B5573246-72C2-41A8-BE53-5CEE8070330F}.Debug|Any CPU.ActiveCfg = Debug|Any CPU
		{B5573246-72C2-41A8-BE53-5CEE8070330F}.Debug|Any CPU.Build.0 = Debug|Any CPU
		{B5573246-72C2-41A8-BE53-5CEE8070330F}.Release|Any CPU.ActiveCfg = Release|Any CPU
		{B5573246-72C2-41A8-BE53-5CEE8070330F}.Release|Any CPU.Build.0 = Release|Any CPU
		{9127167F-1E49-4E0C-9011-0CE39CE6010F}.Debug|Any CPU.ActiveCfg = Debug|Any CPU
		{9127167F-1E49-4E0C-9011-0CE39CE6010F}.Debug|Any CPU.Build.0 = Debug|Any CPU
		{9127167F-1E49-4E0C-9011-0CE39CE6010F}.Release|Any CPU.ActiveCfg = Release|Any CPU
		{9127167F-1E49-4E0C-9011-0CE39CE6010F}.Release|Any CPU.Build.0 = Release|Any CPU
		{C151A573-D2E3-4C84-9FB9-4DDCD40DB2D1}.Debug|Any CPU.ActiveCfg = Debug|Any CPU
		{C151A573-D2E3-4C84-9FB9-4DDCD40DB2D1}.Debug|Any CPU.Build.0 = Debug|Any CPU
		{C151A573-D2E3-4C84-9FB9-4DDCD40DB2D1}.Release|Any CPU.ActiveCfg = Release|Any CPU
		{C151A573-D2E3-4C84-9FB9-4DDCD40DB2D1}.Release|Any CPU.Build.0 = Release|Any CPU
	EndGlobalSection
	GlobalSection(SolutionProperties) = preSolution
		HideSolutionNode = FALSE
	EndGlobalSection
EndGlobal
